
Microsoft Visual Studio Solution File, Format Version 12.00
# Visual Studio 15
VisualStudioVersion = 15.0.26430.6
MinimumVisualStudioVersion = 10.0.40219.1
Project("{FAE04EC0-301F-11D3-BF4B-00C04F79EFBC}") = "TestProgram.30.05.2017", "TestProgram.30.05.2017\TestProgram.30.05.2017.csproj", "{51CC6E78-6DE9-4C7B-9414-3E1717F0811C}"
EndProject
Global
	GlobalSection(SolutionConfigurationPlatforms) = preSolution
		Debug|Any CPU = Debug|Any CPU
		Release|Any CPU = Release|Any CPU
	EndGlobalSection
	GlobalSection(ProjectConfigurationPlatforms) = postSolution
		{51CC6E78-6DE9-4C7B-9414-3E1717F0811C}.Debug|Any CPU.ActiveCfg = Debug|Any CPU
		{51CC6E78-6DE9-4C7B-9414-3E1717F0811C}.Debug|Any CPU.Build.0 = Debug|Any CPU
		{51CC6E78-6DE9-4C7B-9414-3E1717F0811C}.Release|Any CPU.ActiveCfg = Release|Any CPU
		{51CC6E78-6DE9-4C7B-9414-3E1717F0811C}.Release|Any CPU.Build.0 = Release|Any CPU
	EndGlobalSection
	GlobalSection(SolutionProperties) = preSolution
		HideSolutionNode = FALSE
	EndGlobalSection
EndGlobal
